
Microsoft Visual Studio Solution File, Format Version 12.00
# Visual Studio 15
VisualStudioVersion = 15.0.27130.2027
MinimumVisualStudioVersion = 10.0.40219.1
Project("{FAE04EC0-301F-11D3-BF4B-00C04F79EFBC}") = "Btn.UnitTests", "Btn.UnitTests\Btn.UnitTests.csproj", "{572D9882-8B6A-49BC-A678-851FECF9AEBC}"
EndProject
Project("{FAE04EC0-301F-11D3-BF4B-00C04F79EFBC}") = "Btn.Infracture", "Btn.Infracture\Btn.Infracture.csproj", "{2ADD726B-A78C-45F2-9BDD-0F3D83FF4321}"
EndProject
Project("{FAE04EC0-301F-11D3-BF4B-00C04F79EFBC}") = "Btn.Engine", "Btn.Engine\Btn.Engine.csproj", "{7149ACCF-5187-4A55-BFB1-15379EACDB6F}"
EndProject
Project("{FAE04EC0-301F-11D3-BF4B-00C04F79EFBC}") = "ElementCollection.UnitTests", "ElementCollection.UnitTests\ElementCollection.UnitTests.csproj", "{0C6054B4-E3A8-4902-A173-A754E30E0FB1}"
EndProject
Project("{FAE04EC0-301F-11D3-BF4B-00C04F79EFBC}") = "ElementCollection.Infracture", "ElementCollection.Infracture\ElementCollection.Infracture.csproj", "{C5839D90-146D-4C9F-9401-E8DCF9488A03}"
EndProject
Project("{FAE04EC0-301F-11D3-BF4B-00C04F79EFBC}") = "ElementCollection.Engine", "ElementCollection.Engine\ElementCollection.Engine.csproj", "{B6B39433-A103-4612-BCAB-EFCEC734694E}"
EndProject
Global
	GlobalSection(SolutionConfigurationPlatforms) = preSolution
		Debug|Any CPU = Debug|Any CPU
		Release|Any CPU = Release|Any CPU
	EndGlobalSection
	GlobalSection(ProjectConfigurationPlatforms) = postSolution
		{572D9882-8B6A-49BC-A678-851FECF9AEBC}.Debug|Any CPU.ActiveCfg = Debug|Any CPU
		{572D9882-8B6A-49BC-A678-851FECF9AEBC}.Debug|Any CPU.Build.0 = Debug|Any CPU
		{572D9882-8B6A-49BC-A678-851FECF9AEBC}.Release|Any CPU.ActiveCfg = Release|Any CPU
		{572D9882-8B6A-49BC-A678-851FECF9AEBC}.Release|Any CPU.Build.0 = Release|Any CPU
		{2ADD726B-A78C-45F2-9BDD-0F3D83FF4321}.Debug|Any CPU.ActiveCfg = Debug|Any CPU
		{2ADD726B-A78C-45F2-9BDD-0F3D83FF4321}.Debug|Any CPU.Build.0 = Debug|Any CPU
		{2ADD726B-A78C-45F2-9BDD-0F3D83FF4321}.Release|Any CPU.ActiveCfg = Release|Any CPU
		{2ADD726B-A78C-45F2-9BDD-0F3D83FF4321}.Release|Any CPU.Build.0 = Release|Any CPU
		{7149ACCF-5187-4A55-BFB1-15379EACDB6F}.Debug|Any CPU.ActiveCfg = Debug|Any CPU
		{7149ACCF-5187-4A55-BFB1-15379EACDB6F}.Debug|Any CPU.Build.0 = Debug|Any CPU
		{7149ACCF-5187-4A55-BFB1-15379EACDB6F}.Release|Any CPU.ActiveCfg = Release|Any CPU
		{7149ACCF-5187-4A55-BFB1-15379EACDB6F}.Release|Any CPU.Build.0 = Release|Any CPU
		{0C6054B4-E3A8-4902-A173-A754E30E0FB1}.Debug|Any CPU.ActiveCfg = Debug|Any CPU
		{0C6054B4-E3A8-4902-A173-A754E30E0FB1}.Debug|Any CPU.Build.0 = Debug|Any CPU
		{0C6054B4-E3A8-4902-A173-A754E30E0FB1}.Release|Any CPU.ActiveCfg = Release|Any CPU
		{0C6054B4-E3A8-4902-A173-A754E30E0FB1}.Release|Any CPU.Build.0 = Release|Any CPU
		{C5839D90-146D-4C9F-9401-E8DCF9488A03}.Debug|Any CPU.ActiveCfg = Debug|Any CPU
		{C5839D90-146D-4C9F-9401-E8DCF9488A03}.Debug|Any CPU.Build.0 = Debug|Any CPU
		{C5839D90-146D-4C9F-9401-E8DCF9488A03}.Release|Any CPU.ActiveCfg = Release|Any CPU
		{C5839D90-146D-4C9F-9401-E8DCF9488A03}.Release|Any CPU.Build.0 = Release|Any CPU
		{B6B39433-A103-4612-BCAB-EFCEC734694E}.Debug|Any CPU.ActiveCfg = Debug|Any CPU
		{B6B39433-A103-4612-BCAB-EFCEC734694E}.Debug|Any CPU.Build.0 = Debug|Any CPU
		{B6B39433-A103-4612-BCAB-EFCEC734694E}.Release|Any CPU.ActiveCfg = Release|Any CPU
		{B6B39433-A103-4612-BCAB-EFCEC734694E}.Release|Any CPU.Build.0 = Release|Any CPU
	EndGlobalSection
	GlobalSection(SolutionProperties) = preSolution
		HideSolutionNode = FALSE
	EndGlobalSection
	GlobalSection(ExtensibilityGlobals) = postSolution
		SolutionGuid = {545E815D-8551-4693-A40B-349BE26FF274}
	EndGlobalSection
EndGlobal
